Microsoft Visual Studio Solution File, Format Version 12.00
# Visual Studio Version 17
VisualStudioVersion = 17.5.2.0
MinimumVisualStudioVersion = 10.0.40219.1
Project("{FAE04EC0-301F-11D3-BF4B-00C04F79EFBC}") = "SymptomApi", "SymptomApi.csproj", "{98A5C59A-4B04-B6DA-C2EC-64D88925F117}"
EndProject
Global
	GlobalSection(SolutionConfigurationPlatforms) = preSolution
		Debug|Any CPU = Debug|Any CPU
		Release|Any CPU = Release|Any CPU
	EndGlobalSection
	GlobalSection(ProjectConfigurationPlatforms) = postSolution
		{98A5C59A-4B04-B6DA-C2EC-64D88925F117}.Debug|Any CPU.ActiveCfg = Debug|Any CPU
		{98A5C59A-4B04-B6DA-C2EC-64D88925F117}.Debug|Any CPU.Build.0 = Debug|Any CPU
		{98A5C59A-4B04-B6DA-C2EC-64D88925F117}.Release|Any CPU.ActiveCfg = Release|Any CPU
		{98A5C59A-4B04-B6DA-C2EC-64D88925F117}.Release|Any CPU.Build.0 = Release|Any CPU
	EndGlobalSection
	GlobalSection(SolutionProperties) = preSolution
		HideSolutionNode = FALSE
	EndGlobalSection
	GlobalSection(ExtensibilityGlobals) = postSolution
		SolutionGuid = {0F9E07DD-C8F2-4370-9AB8-4C3800378A3B}
	EndGlobalSection
EndGlobal
